
Microsoft Visual Studio Solution File, Format Version 12.00
# Visual Studio Version 17
VisualStudioVersion = 17.12.35506.116
MinimumVisualStudioVersion = 10.0.40219.1
Project("{FAE04EC0-301F-11D3-BF4B-00C04F79EFBC}") = "LTS.Cotacao.Api", "LTS.Cotacao.Api\LTS.Cotacao.Api.csproj", "{0364E045-7754-47EA-A1CB-41C7341C827F}"
EndProject
Project("{FAE04EC0-301F-11D3-BF4B-00C04F79EFBC}") = "LTS.Cotacao.Application", "LTS.Cotacao.Application\LTS.Cotacao.Application.csproj", "{D14F5A7F-6091-4582-9B02-E253705B0D60}"
EndProject
Project("{FAE04EC0-301F-11D3-BF4B-00C04F79EFBC}") = "LTS.Cotacao.Infrastructure", "LTS.Cotacao.Infrastructure\LTS.Cotacao.Infrastructure.csproj", "{8FF0C7CB-8E8A-49E1-A6C8-85B9CD035C04}"
EndProject
Project("{FAE04EC0-301F-11D3-BF4B-00C04F79EFBC}") = "LTS.Cotacao.IoC", "LTS.Cotacao.IoC\LTS.Cotacao.IoC.csproj", "{2B611832-3037-41CA-8854-0D518D5F83FC}"
EndProject
Project("{FAE04EC0-301F-11D3-BF4B-00C04F79EFBC}") = "LTS.Cotacao.Tests.E2E", "..\tests\LTS.Cotacao.Tests.E2E\LTS.Cotacao.Tests.E2E.csproj", "{ED50735B-215D-41AE-85FF-364E03E41BFE}"
EndProject
Project("{2150E333-8FDC-42A3-9474-1A3956D46DE8}") = "tests", "tests", "{A8960D37-4F27-4C91-96EA-7247B708F962}"
EndProject
Project("{2150E333-8FDC-42A3-9474-1A3956D46DE8}") = "app", "app", "{BC6248E6-425A-4F18-98DA-17787316655A}"
EndProject
Project("{FAE04EC0-301F-11D3-BF4B-00C04F79EFBC}") = "LTS.Cotacao.Tests.Integration", "..\tests\LTS.Cotacao.Tests.Integration\LTS.Cotacao.Tests.Integration.csproj", "{B92E746A-CF4F-421A-B45E-F6ADD489B6E1}"
EndProject
Project("{FAE04EC0-301F-11D3-BF4B-00C04F79EFBC}") = "LTS.Cotacao.Tests.Unit", "..\tests\LTS.Cotacao.Tests.Unit\LTS.Cotacao.Tests.Unit.csproj", "{09359599-8378-41D5-9D9B-6AEF6BCDFD67}"
EndProject
Project("{FAE04EC0-301F-11D3-BF4B-00C04F79EFBC}") = "LTS.Cotacao.Domain", "LTS.Cotacao.Domain\LTS.Cotacao.Domain.csproj", "{6830078B-B887-41DB-A4F8-3BC6CC1B9D99}"
EndProject
Global
	GlobalSection(SolutionConfigurationPlatforms) = preSolution
		Debug|Any CPU = Debug|Any CPU
		Release|Any CPU = Release|Any CPU
	EndGlobalSection
	GlobalSection(ProjectConfigurationPlatforms) = postSolution
		{0364E045-7754-47EA-A1CB-41C7341C827F}.Debug|Any CPU.ActiveCfg = Debug|Any CPU
		{0364E045-7754-47EA-A1CB-41C7341C827F}.Debug|Any CPU.Build.0 = Debug|Any CPU
		{0364E045-7754-47EA-A1CB-41C7341C827F}.Release|Any CPU.ActiveCfg = Release|Any CPU
		{0364E045-7754-47EA-A1CB-41C7341C827F}.Release|Any CPU.Build.0 = Release|Any CPU
		{D14F5A7F-6091-4582-9B02-E253705B0D60}.Debug|Any CPU.ActiveCfg = Debug|Any CPU
		{D14F5A7F-6091-4582-9B02-E253705B0D60}.Debug|Any CPU.Build.0 = Debug|Any CPU
		{D14F5A7F-6091-4582-9B02-E253705B0D60}.Release|Any CPU.ActiveCfg = Release|Any CPU
		{D14F5A7F-6091-4582-9B02-E253705B0D60}.Release|Any CPU.Build.0 = Release|Any CPU
		{8FF0C7CB-8E8A-49E1-A6C8-85B9CD035C04}.Debug|Any CPU.ActiveCfg = Debug|Any CPU
		{8FF0C7CB-8E8A-49E1-A6C8-85B9CD035C04}.Debug|Any CPU.Build.0 = Debug|Any CPU
		{8FF0C7CB-8E8A-49E1-A6C8-85B9CD035C04}.Release|Any CPU.ActiveCfg = Release|Any CPU
		{8FF0C7CB-8E8A-49E1-A6C8-85B9CD035C04}.Release|Any CPU.Build.0 = Release|Any CPU
		{2B611832-3037-41CA-8854-0D518D5F83FC}.Debug|Any CPU.ActiveCfg = Debug|Any CPU
		{2B611832-3037-41CA-8854-0D518D5F83FC}.Debug|Any CPU.Build.0 = Debug|Any CPU
		{2B611832-3037-41CA-8854-0D518D5F83FC}.Release|Any CPU.ActiveCfg = Release|Any CPU
		{2B611832-3037-41CA-8854-0D518D5F83FC}.Release|Any CPU.Build.0 = Release|Any CPU
		{ED50735B-215D-41AE-85FF-364E03E41BFE}.Debug|Any CPU.ActiveCfg = Debug|Any CPU
		{ED50735B-215D-41AE-85FF-364E03E41BFE}.Debug|Any CPU.Build.0 = Debug|Any CPU
		{ED50735B-215D-41AE-85FF-364E03E41BFE}.Release|Any CPU.ActiveCfg = Release|Any CPU
		{ED50735B-215D-41AE-85FF-364E03E41BFE}.Release|Any CPU.Build.0 = Release|Any CPU
		{B92E746A-CF4F-421A-B45E-F6ADD489B6E1}.Debug|Any CPU.ActiveCfg = Debug|Any CPU
		{B92E746A-CF4F-421A-B45E-F6ADD489B6E1}.Debug|Any CPU.Build.0 = Debug|Any CPU
		{B92E746A-CF4F-421A-B45E-F6ADD489B6E1}.Release|Any CPU.ActiveCfg = Release|Any CPU
		{B92E746A-CF4F-421A-B45E-F6ADD489B6E1}.Release|Any CPU.Build.0 = Release|Any CPU
		{09359599-8378-41D5-9D9B-6AEF6BCDFD67}.Debug|Any CPU.ActiveCfg = Debug|Any CPU
		{09359599-8378-41D5-9D9B-6AEF6BCDFD67}.Debug|Any CPU.Build.0 = Debug|Any CPU
		{09359599-8378-41D5-9D9B-6AEF6BCDFD67}.Release|Any CPU.ActiveCfg = Release|Any CPU
		{09359599-8378-41D5-9D9B-6AEF6BCDFD67}.Release|Any CPU.Build.0 = Release|Any CPU
		{6830078B-B887-41DB-A4F8-3BC6CC1B9D99}.Debug|Any CPU.ActiveCfg = Debug|Any CPU
		{6830078B-B887-41DB-A4F8-3BC6CC1B9D99}.Debug|Any CPU.Build.0 = Debug|Any CPU
		{6830078B-B887-41DB-A4F8-3BC6CC1B9D99}.Release|Any CPU.ActiveCfg = Release|Any CPU
		{6830078B-B887-41DB-A4F8-3BC6CC1B9D99}.Release|Any CPU.Build.0 = Release|Any CPU
	EndGlobalSection
	GlobalSection(SolutionProperties) = preSolution
		HideSolutionNode = FALSE
	EndGlobalSection
	GlobalSection(NestedProjects) = preSolution
		{0364E045-7754-47EA-A1CB-41C7341C827F} = {BC6248E6-425A-4F18-98DA-17787316655A}
		{D14F5A7F-6091-4582-9B02-E253705B0D60} = {BC6248E6-425A-4F18-98DA-17787316655A}
		{8FF0C7CB-8E8A-49E1-A6C8-85B9CD035C04} = {BC6248E6-425A-4F18-98DA-17787316655A}
		{2B611832-3037-41CA-8854-0D518D5F83FC} = {BC6248E6-425A-4F18-98DA-17787316655A}
		{ED50735B-215D-41AE-85FF-364E03E41BFE} = {A8960D37-4F27-4C91-96EA-7247B708F962}
		{B92E746A-CF4F-421A-B45E-F6ADD489B6E1} = {A8960D37-4F27-4C91-96EA-7247B708F962}
		{09359599-8378-41D5-9D9B-6AEF6BCDFD67} = {A8960D37-4F27-4C91-96EA-7247B708F962}
		{6830078B-B887-41DB-A4F8-3BC6CC1B9D99} = {BC6248E6-425A-4F18-98DA-17787316655A}
	EndGlobalSection
EndGlobal
